
Microsoft Visual Studio Solution File, Format Version 12.00
# Visual Studio 2012
Project("{F184B08F-C81C-45F6-A57F-5ABD9991F28F}") = "OpenSpritz.NET", "OpenSpritz.NET\OpenSpritz.NET.vbproj", "{222E9EE9-5B62-43A6-82D3-751DDF1F0360}"
EndProject
Global
	GlobalSection(SolutionConfigurationPlatforms) = preSolution
		Debug|Any CPU = Debug|Any CPU
		Release|Any CPU = Release|Any CPU
	EndGlobalSection
	GlobalSection(ProjectConfigurationPlatforms) = postSolution
		{222E9EE9-5B62-43A6-82D3-751DDF1F0360}.Debug|Any CPU.ActiveCfg = Debug|Any CPU
		{222E9EE9-5B62-43A6-82D3-751DDF1F0360}.Debug|Any CPU.Build.0 = Debug|Any CPU
		{222E9EE9-5B62-43A6-82D3-751DDF1F0360}.Release|Any CPU.ActiveCfg = Release|Any CPU
		{222E9EE9-5B62-43A6-82D3-751DDF1F0360}.Release|Any CPU.Build.0 = Release|Any CPU
	EndGlobalSection
	GlobalSection(SolutionProperties) = preSolution
		HideSolutionNode = FALSE
	EndGlobalSection
EndGlobal
